<?xml version="1.0" encoding="utf-8"?>
<Project ToolsVersion="4.0" xmlns="http://schemas.microsoft.com/developer/msbuild/2003">
  <ItemGroup>
    <Filter Include="Source Files">
      <UniqueIdentifier>{4FC737F1-C7A5-4376-A066-2A32D752A2FF}</UniqueIdentifier>
      <Extensions>cpp;c;cc;cxx;c++;cppm;ixx;def;odl;idl;hpj;bat;asm;asmx</Extensions>
    </Filter>
    <Filter Include="Header Files">
      <UniqueIdentifier>{93995380-89BD-4b04-88EB-625FBE52EBFB}</UniqueIdentifier>
      <Extensions>h;hh;hpp;hxx;h++;hm;inl;inc;ipp;xsd</Extensions>
    </Filter>
    <Filter Include="Resource Files">
      <UniqueIdentifier>{67DA6AB6-F800-4c08-8B7A-83BB121AAD01}</UniqueIdentifier>
      <Extensions>rc;ico;cur;bmp;dlg;rc2;rct;bin;rgs;gif;jpg;jpeg;jpe;resx;tiff;tif;png;wav;mfcribbon-ms</Extensions>
    </Filter>
    <Filter Include="src">
      <UniqueIdentifier>{c9d42090-ba01-4c61-8fba-d0f1240becb1}</UniqueIdentifier>
    </Filter>
    <Filter Include="src\Component">
      <UniqueIdentifier>{46f40d49-ce5c-4b9f-8353-2f72a9e25b81}</UniqueIdentifier>
    </Filter>
    <Filter Include="src\Core">
      <UniqueIdentifier>{e9e32215-76d2-4f94-8f05-0fa5845bc945}</UniqueIdentifier>
    </Filter>
    <Filter Include="src\Game">
      <UniqueIdentifier>{07f12abb-800e-4817-a0a3-0f98af7e1c9c}</UniqueIdentifier>
    </Filter>
    <Filter Include="src\Json">
      <UniqueIdentifier>{b5d3bef8-cb11-43cb-8400-1914c6470cf8}</UniqueIdentifier>
    </Filter>
  </ItemGroup>
  <ItemGroup>
    <ClInclude Include="src\Components\AABBColliderComponent.h">
      <Filter>src\Component</Filter>
    </ClInclude>
    <ClInclude Include="src\Components\MeshRendererComponent.h">
      <Filter>src\Component</Filter>
    </ClInclude>
    <ClInclude Include="src\Components\ProjectileMovementComponent.h">
      <Filter>src\Component</Filter>
    </ClInclude>
    <ClInclude Include="src\Components\TankControllerComponent.h">
      <Filter>src\Component</Filter>
    </ClInclude>
    <ClInclude Include="src\Components\TankRendererComponent.h">
      <Filter>src\Component</Filter>
    </ClInclude>
    <ClInclude Include="src\Components\TransformComponent.h">
      <Filter>src\Component</Filter>
    </ClInclude>
    <ClInclude Include="src\Core\Component.h">
      <Filter>src\Core</Filter>
    </ClInclude>
    <ClInclude Include="src\Core\EnemyStates.h">
      <Filter>src\Core</Filter>
    </ClInclude>
    <ClInclude Include="src\Core\Event.h">
      <Filter>src\Core</Filter>
    </ClInclude>
    <ClInclude Include="src\Core\EventManager.h">
      <Filter>src\Core</Filter>
    </ClInclude>
    <ClInclude Include="src\Core\Game.h">
      <Filter>src\Core</Filter>
    </ClInclude>
    <ClInclude Include="src\Core\GameObject.h">
      <Filter>src\Core</Filter>
    </ClInclude>
    <ClInclude Include="src\Core\GameObjectManager.h">
      <Filter>src\Core</Filter>
    </ClInclude>
    <ClInclude Include="src\Core\State.h">
      <Filter>src\Core</Filter>
    </ClInclude>
    <ClInclude Include="src\Core\StateMachine.h">
      <Filter>src\Core</Filter>
    </ClInclude>
    <ClInclude Include="src\Game\GameEvents.h">
      <Filter>src\Game</Filter>
    </ClInclude>
    <ClInclude Include="include\nlohmann\json.hpp">
      <Filter>src</Filter>
    </ClInclude>
    <ClInclude Include="src\Components\AINavigationComponent.h">
      <Filter>src\Component</Filter>
    </ClInclude>
    <ClInclude Include="src\Core\NavigationGraph.h">
      <Filter>src\Core</Filter>
    </ClInclude>
  </ItemGroup>
  <ItemGroup>
    <ClCompile Include="src\Components\AABBColliderComponent.cpp">
      <Filter>src\Component</Filter>
    </ClCompile>
    <ClCompile Include="src\Components\MeshRendererComponent.cpp">
      <Filter>src\Component</Filter>
    </ClCompile>
    <ClCompile Include="src\Components\ProjectileMovementComponent.cpp">
      <Filter>src\Component</Filter>
    </ClCompile>
    <ClCompile Include="src\Components\TankControllerComponent.cpp">
      <Filter>src\Component</Filter>
    </ClCompile>
    <ClCompile Include="src\Core\EventManager.cpp">
      <Filter>src\Core</Filter>
    </ClCompile>
    <ClCompile Include="src\Core\Game.cpp">
      <Filter>src\Core</Filter>
    </ClCompile>
    <ClCompile Include="src\Core\GameObject.cpp">
      <Filter>src\Core</Filter>
    </ClCompile>
    <ClCompile Include="src\Core\GameObjectManager.cpp">
      <Filter>src\Core</Filter>
    </ClCompile>
    <ClCompile Include="src\Core\StateMachine.cpp">
      <Filter>src\Core</Filter>
    </ClCompile>
    <ClCompile Include="src\Game\Main.cpp">
      <Filter>src\Game</Filter>
    </ClCompile>
    <ClCompile Include="src\Components\AINavigationComponent.cpp">
      <Filter>src\Component</Filter>
    </ClCompile>
    <ClCompile Include="src\Core\NavigationGraph.cpp">
      <Filter>src\Core</Filter>
    </ClCompile>
  </ItemGroup>
  <ItemGroup>
    <None Include="src\Json\Bullet.json">
      <Filter>src\Json</Filter>
    </None>
    <None Include="src\Json\EnemyTank.json">
      <Filter>src\Json</Filter>
    </None>
    <None Include="src\Json\PlayerTank.json">
      <Filter>src\Json</Filter>
    </None>
    <None Include="Wall.json">
      <Filter>src\Json</Filter>
    </None>
    <None Include="Level.json">
      <Filter>src\Json</Filter>
    </None>
  </ItemGroup>
</Project>